
Microsoft Visual Studio Solution File, Format Version 11.00
# Visual Studio 2010
Project("{FAE04EC0-301F-11D3-BF4B-00C04F79EFBC}") = "Anonoy", "Anonoy\Anonoy.csproj", "{5A17DD4D-B595-4C88-82C6-07BADB42C4E2}"
EndProject
Project("{FAE04EC0-301F-11D3-BF4B-00C04F79EFBC}") = "Anonoy.Tests", "Anonoy.Tests\Anonoy.Tests.csproj", "{F5BB9E37-C3D7-4218-B629-6954122032AB}"
EndProject
Global
	GlobalSection(SolutionConfigurationPlatforms) = preSolution
		Debug|Any CPU = Debug|Any CPU
		Release|Any CPU = Release|Any CPU
	EndGlobalSection
	GlobalSection(ProjectConfigurationPlatforms) = postSolution
		{5A17DD4D-B595-4C88-82C6-07BADB42C4E2}.Debug|Any CPU.ActiveCfg = Debug|Any CPU
		{5A17DD4D-B595-4C88-82C6-07BADB42C4E2}.Debug|Any CPU.Build.0 = Debug|Any CPU
		{5A17DD4D-B595-4C88-82C6-07BADB42C4E2}.Release|Any CPU.ActiveCfg = Release|Any CPU
		{5A17DD4D-B595-4C88-82C6-07BADB42C4E2}.Release|Any CPU.Build.0 = Release|Any CPU
		{F5BB9E37-C3D7-4218-B629-6954122032AB}.Debug|Any CPU.ActiveCfg = Debug|Any CPU
		{F5BB9E37-C3D7-4218-B629-6954122032AB}.Debug|Any CPU.Build.0 = Debug|Any CPU
		{F5BB9E37-C3D7-4218-B629-6954122032AB}.Release|Any CPU.ActiveCfg = Release|Any CPU
		{F5BB9E37-C3D7-4218-B629-6954122032AB}.Release|Any CPU.Build.0 = Release|Any CPU
	EndGlobalSection
	GlobalSection(SolutionProperties) = preSolution
		HideSolutionNode = FALSE
	EndGlobalSection
EndGlobal
